
Microsoft Visual Studio Solution File, Format Version 12.00
# Visual Studio 15
Project("{FAE04EC0-301F-11D3-BF4B-00C04F79EFBC}") = "Assembly-CSharp", "Assembly-CSharp.csproj", "{BA4A3AC1-C78C-0DD8-9B88-F2E5197C8697}"
EndProject
Project("{FAE04EC0-301F-11D3-BF4B-00C04F79EFBC}") = "Assembly-CSharp-Editor", "Assembly-CSharp-Editor.csproj", "{310ED52F-CD8C-A58D-F8C2-61CB71E981D7}"
EndProject
Global
	GlobalSection(SolutionConfigurationPlatforms) = preSolution
		Debug|Any CPU = Debug|Any CPU
		Release|Any CPU = Release|Any CPU
	EndGlobalSection
	GlobalSection(ProjectConfigurationPlatforms) = postSolution
		{BA4A3AC1-C78C-0DD8-9B88-F2E5197C8697}.Debug|Any CPU.ActiveCfg = Debug|Any CPU
		{BA4A3AC1-C78C-0DD8-9B88-F2E5197C8697}.Debug|Any CPU.Build.0 = Debug|Any CPU
		{BA4A3AC1-C78C-0DD8-9B88-F2E5197C8697}.Release|Any CPU.ActiveCfg = Release|Any CPU
		{BA4A3AC1-C78C-0DD8-9B88-F2E5197C8697}.Release|Any CPU.Build.0 = Release|Any CPU
		{310ED52F-CD8C-A58D-F8C2-61CB71E981D7}.Debug|Any CPU.ActiveCfg = Debug|Any CPU
		{310ED52F-CD8C-A58D-F8C2-61CB71E981D7}.Debug|Any CPU.Build.0 = Debug|Any CPU
		{310ED52F-CD8C-A58D-F8C2-61CB71E981D7}.Release|Any CPU.ActiveCfg = Release|Any CPU
		{310ED52F-CD8C-A58D-F8C2-61CB71E981D7}.Release|Any CPU.Build.0 = Release|Any CPU
	EndGlobalSection
	GlobalSection(SolutionProperties) = preSolution
		HideSolutionNode = FALSE
	EndGlobalSection
EndGlobal
